
Microsoft Visual Studio Solution File, Format Version 12.00
# Visual Studio Version 17
VisualStudioVersion = 17.9.34616.47
MinimumVisualStudioVersion = 10.0.40219.1
Project("{9A19103F-16F7-4668-BE54-9A1E7A4F7556}") = "Northwind.Common.EntityModels.Sqlite", "Northwind.Common.EntityModels.Sqlite\Northwind.Common.EntityModels.Sqlite.csproj", "{83B9643E-5B1B-4068-8A16-7DB9947FBFAF}"
EndProject
Project("{9A19103F-16F7-4668-BE54-9A1E7A4F7556}") = "Northwind.Common.DataContext.Sqlite", "Northwind.Common.DataContext.Sqlite\Northwind.Common.DataContext.Sqlite.csproj", "{72214B04-B28B-481F-9625-3E235CBB16C9}"
EndProject
Project("{9A19103F-16F7-4668-BE54-9A1E7A4F7556}") = "Northwind.Common.UnitTests", "Northwind.Common.UnitTests\Northwind.Common.UnitTests.csproj", "{81B59A02-7C7F-43CE-85FE-CB5D118D4040}"
EndProject
Project("{9A19103F-16F7-4668-BE54-9A1E7A4F7556}") = "Northwind.Web", "Northwind.Web\Northwind.Web.csproj", "{3AAAD1C4-24B4-43EA-918B-3BA512E8AD11}"
EndProject
Project("{9A19103F-16F7-4668-BE54-9A1E7A4F7556}") = "Northwind.Razor.Employees", "Northwind.Razor.Employees\Northwind.Razor.Employees.csproj", "{4787F6E7-5A94-459A-9D6D-0D4426E937B4}"
EndProject
Global
	GlobalSection(SolutionConfigurationPlatforms) = preSolution
		Debug|Any CPU = Debug|Any CPU
		Release|Any CPU = Release|Any CPU
	EndGlobalSection
	GlobalSection(ProjectConfigurationPlatforms) = postSolution
		{83B9643E-5B1B-4068-8A16-7DB9947FBFAF}.Debug|Any CPU.ActiveCfg = Debug|Any CPU
		{83B9643E-5B1B-4068-8A16-7DB9947FBFAF}.Debug|Any CPU.Build.0 = Debug|Any CPU
		{83B9643E-5B1B-4068-8A16-7DB9947FBFAF}.Release|Any CPU.ActiveCfg = Release|Any CPU
		{83B9643E-5B1B-4068-8A16-7DB9947FBFAF}.Release|Any CPU.Build.0 = Release|Any CPU
		{72214B04-B28B-481F-9625-3E235CBB16C9}.Debug|Any CPU.ActiveCfg = Debug|Any CPU
		{72214B04-B28B-481F-9625-3E235CBB16C9}.Debug|Any CPU.Build.0 = Debug|Any CPU
		{72214B04-B28B-481F-9625-3E235CBB16C9}.Release|Any CPU.ActiveCfg = Release|Any CPU
		{72214B04-B28B-481F-9625-3E235CBB16C9}.Release|Any CPU.Build.0 = Release|Any CPU
		{81B59A02-7C7F-43CE-85FE-CB5D118D4040}.Debug|Any CPU.ActiveCfg = Debug|Any CPU
		{81B59A02-7C7F-43CE-85FE-CB5D118D4040}.Debug|Any CPU.Build.0 = Debug|Any CPU
		{81B59A02-7C7F-43CE-85FE-CB5D118D4040}.Release|Any CPU.ActiveCfg = Release|Any CPU
		{81B59A02-7C7F-43CE-85FE-CB5D118D4040}.Release|Any CPU.Build.0 = Release|Any CPU
		{3AAAD1C4-24B4-43EA-918B-3BA512E8AD11}.Debug|Any CPU.ActiveCfg = Debug|Any CPU
		{3AAAD1C4-24B4-43EA-918B-3BA512E8AD11}.Debug|Any CPU.Build.0 = Debug|Any CPU
		{3AAAD1C4-24B4-43EA-918B-3BA512E8AD11}.Release|Any CPU.ActiveCfg = Release|Any CPU
		{3AAAD1C4-24B4-43EA-918B-3BA512E8AD11}.Release|Any CPU.Build.0 = Release|Any CPU
		{4787F6E7-5A94-459A-9D6D-0D4426E937B4}.Debug|Any CPU.ActiveCfg = Debug|Any CPU
		{4787F6E7-5A94-459A-9D6D-0D4426E937B4}.Debug|Any CPU.Build.0 = Debug|Any CPU
		{4787F6E7-5A94-459A-9D6D-0D4426E937B4}.Release|Any CPU.ActiveCfg = Release|Any CPU
		{4787F6E7-5A94-459A-9D6D-0D4426E937B4}.Release|Any CPU.Build.0 = Release|Any CPU
	EndGlobalSection
	GlobalSection(SolutionProperties) = preSolution
		HideSolutionNode = FALSE
	EndGlobalSection
	GlobalSection(ExtensibilityGlobals) = postSolution
		SolutionGuid = {30D417FB-D224-4D0D-86C5-EAFFAA55F1F5}
	EndGlobalSection
EndGlobal
